
Microsoft Visual Studio Solution File, Format Version 12.00
# Visual Studio Version 18
VisualStudioVersion = 18.1.11312.151
MinimumVisualStudioVersion = 10.0.40219.1
Project("{2150E333-8FDC-42A3-9474-1A3956D46DE8}") = "src", "src", "{7883DA25-C6EF-4074-BAF7-E2564B5A3662}"
EndProject
Project("{2150E333-8FDC-42A3-9474-1A3956D46DE8}") = "Common", "Common", "{EEC8205E-6E9D-4B4E-8C00-5B4F9E9F4FCF}"
EndProject
Project("{FAE04EC0-301F-11D3-BF4B-00C04F79EFBC}") = "Domovoy.Common", "src\Common\Domovoy.Common\Domovoy.Common.csproj", "{81D73D7A-6238-4CB0-A814-3CC33FFBB1D1}"
EndProject
Project("{FAE04EC0-301F-11D3-BF4B-00C04F79EFBC}") = "Domovoy.MessageBus", "src\Common\Domovoy.MessageBus\Domovoy.MessageBus.csproj", "{7EDAED61-7A48-49E9-8CEE-0A81A68F9065}"
EndProject
Project("{2150E333-8FDC-42A3-9474-1A3956D46DE8}") = "Services", "Services", "{89DF6802-94FA-4066-8091-743ADD48FD4A}"
EndProject
Project("{2150E333-8FDC-42A3-9474-1A3956D46DE8}") = "Gateway", "Gateway", "{F95E7205-2D24-4FE9-9C38-D3D8640CA543}"
EndProject
Project("{FAE04EC0-301F-11D3-BF4B-00C04F79EFBC}") = "Domovoy.ApiGateway", "src\Gateway\Domovoy.ApiGateway\Domovoy.ApiGateway.csproj", "{AA9A5523-2416-42DE-9FE2-3C8C38FBA24B}"
EndProject
Project("{FAE04EC0-301F-11D3-BF4B-00C04F79EFBC}") = "Domovoy.DbGateway", "src\Gateway\Domovoy.DbGateway\Domovoy.DbGateway.csproj", "{DCEDD054-7563-4084-AAB3-A68A44EEAEFF}"
EndProject
Project("{E53339B2-1760-4266-BCC7-CA923CBCF16C}") = "docker-compose", "docker-compose.dcproj", "{958ADDFD-372E-4B7A-82FE-2DDF58E4ACF9}"
EndProject
Project("{2150E333-8FDC-42A3-9474-1A3956D46DE8}") = "Tools", "Tools", "{37D9E1E4-46B9-4755-E73E-E55550E1B2A7}"
EndProject
Project("{FAE04EC0-301F-11D3-BF4B-00C04F79EFBC}") = "Domovoy.DeviceEmulator", "src\Tools\Domovoy.DeviceEmulator\Domovoy.DeviceEmulator.csproj", "{51B1574A-E183-4434-BDEE-9BC079D1BC17}"
EndProject
Project("{FAE04EC0-301F-11D3-BF4B-00C04F79EFBC}") = "Domovoy.Connectivity", "src\Services\Domovoy.Connectivity\Domovoy.Connectivity.csproj", "{E4EEA59B-A8B0-40E8-83A5-F63617F4488E}"
EndProject
Project("{2150E333-8FDC-42A3-9474-1A3956D46DE8}") = "Arduino", "Arduino", "{0A027ED1-C33C-4E0E-A4EB-A2617727265D}"
	ProjectSection(SolutionItems) = preProject
		Arduino\libraries\DomovoyClient\DomovoyClient.h = Arduino\libraries\DomovoyClient\DomovoyClient.h
		Arduino\DomovoyMegaGateway.ino = Arduino\DomovoyMegaGateway.ino
		Arduino\libraries\DomovoyClient\library.properties = Arduino\libraries\DomovoyClient\library.properties
		Arduino\examples\SimpleLed\SimpleLed.ino = Arduino\examples\SimpleLed\SimpleLed.ino
		Arduino\house\README.md = Arduino\house\README.md
		Arduino\house\HouseMega\HouseMega.ino = Arduino\house\HouseMega\HouseMega.ino
		Arduino\house\HouseDimmer\HouseDimmer.ino = Arduino\house\HouseDimmer\HouseDimmer.ino
	EndProjectSection
EndProject
Project("{2150E333-8FDC-42A3-9474-1A3956D46DE8}") = "UI", "UI", "{9BFBBFD9-BBC9-4B99-A9C1-DB7385258927}"
EndProject
Project("{FAE04EC0-301F-11D3-BF4B-00C04F79EFBC}") = "Domovoy.UnifiedDeviceService", "src\Services\Domovoy.UnifiedDeviceService\Domovoy.UnifiedDeviceService.csproj", "{4E794FCD-FDDD-4FA4-9596-176E71025DFE}"
EndProject
Project("{2150E333-8FDC-42A3-9474-1A3956D46DE8}") = "Common", "Common", "{881589EE-639B-0A35-DBCE-5D94E4FC90C0}"
EndProject
Project("{FAE04EC0-301F-11D3-BF4B-00C04F79EFBC}") = "Domovoy.Contracts", "src\Common\Domovoy.Contracts\Domovoy.Contracts.csproj", "{381E8A17-5063-4D60-959F-BDCF151023B8}"
EndProject
Project("{FAE04EC0-301F-11D3-BF4B-00C04F79EFBC}") = "Domovoy.AutomationService", "src\Services\Domovoy.AutomationService\Domovoy.AutomationService.csproj", "{4C9334F5-DA02-4D69-81EA-69F966662F3F}"
EndProject
Project("{2150E333-8FDC-42A3-9474-1A3956D46DE8}") = "Services", "Services", "{5854FF58-B8C5-05C6-5BF2-ACE42193F22B}"
EndProject
Project("{FAE04EC0-301F-11D3-BF4B-00C04F79EFBC}") = "Domovoy.PluginSupervisor", "src\Services\Domovoy.PluginSupervisor\Domovoy.PluginSupervisor.csproj", "{E3907277-BF9A-4C7F-A52E-F9D1B0480F73}"
EndProject
Project("{2150E333-8FDC-42A3-9474-1A3956D46DE8}") = "tests", "tests", "{0AB3BF05-4346-4AA6-1389-037BE0695223}"
EndProject
Project("{2150E333-8FDC-42A3-9474-1A3956D46DE8}") = "Plugins", "Plugins", "{A9EBF7DA-B450-0C60-0FC8-8B75CAFD3B4C}"
EndProject
Project("{FAE04EC0-301F-11D3-BF4B-00C04F79EFBC}") = "Domovoy.CommutePlugin", "src\Plugins\Domovoy.CommutePlugin\Domovoy.CommutePlugin.csproj", "{A996FA91-A312-4A92-89B0-B741AC300804}"
EndProject
Project("{FAE04EC0-301F-11D3-BF4B-00C04F79EFBC}") = "Domovoy.CommutePlugin.Tests", "tests\Domovoy.CommutePlugin.Tests\Domovoy.CommutePlugin.Tests.csproj", "{51040CD7-E6DF-4BB5-B803-981A50D89EC2}"
EndProject
Project("{FAE04EC0-301F-11D3-BF4B-00C04F79EFBC}") = "Domovoy.Narrative", "src\Common\Domovoy.Narrative\Domovoy.Narrative.csproj", "{CA372BE7-5238-4B35-AD29-C9480582822F}"
EndProject
Project("{FAE04EC0-301F-11D3-BF4B-00C04F79EFBC}") = "Domovoy.Updater", "src\Services\Domovoy.Updater\Domovoy.Updater.csproj", "{37642859-C5CC-4B33-9EF5-A8003D20EB11}"
EndProject
Project("{FAE04EC0-301F-11D3-BF4B-00C04F79EFBC}") = "Domovoy.IntegrationTests", "tests\Domovoy.IntegrationTests\Domovoy.IntegrationTests.csproj", "{39E6F882-AC53-46B8-BD07-5AF095735751}"
EndProject
Global
	GlobalSection(SolutionConfigurationPlatforms) = preSolution
		Debug|Any CPU = Debug|Any CPU
		Debug|x64 = Debug|x64
		Debug|x86 = Debug|x86
		Release|Any CPU = Release|Any CPU
		Release|x64 = Release|x64
		Release|x86 = Release|x86
	EndGlobalSection
	GlobalSection(ProjectConfigurationPlatforms) = postSolution
		{81D73D7A-6238-4CB0-A814-3CC33FFBB1D1}.Debug|Any CPU.ActiveCfg = Debug|Any CPU
		{81D73D7A-6238-4CB0-A814-3CC33FFBB1D1}.Debug|Any CPU.Build.0 = Debug|Any CPU
		{81D73D7A-6238-4CB0-A814-3CC33FFBB1D1}.Debug|x64.ActiveCfg = Debug|Any CPU
		{81D73D7A-6238-4CB0-A814-3CC33FFBB1D1}.Debug|x64.Build.0 = Debug|Any CPU
		{81D73D7A-6238-4CB0-A814-3CC33FFBB1D1}.Debug|x86.ActiveCfg = Debug|Any CPU
		{81D73D7A-6238-4CB0-A814-3CC33FFBB1D1}.Debug|x86.Build.0 = Debug|Any CPU
		{81D73D7A-6238-4CB0-A814-3CC33FFBB1D1}.Release|Any CPU.ActiveCfg = Release|Any CPU
		{81D73D7A-6238-4CB0-A814-3CC33FFBB1D1}.Release|Any CPU.Build.0 = Release|Any CPU
		{81D73D7A-6238-4CB0-A814-3CC33FFBB1D1}.Release|x64.ActiveCfg = Release|Any CPU
		{81D73D7A-6238-4CB0-A814-3CC33FFBB1D1}.Release|x64.Build.0 = Release|Any CPU
		{81D73D7A-6238-4CB0-A814-3CC33FFBB1D1}.Release|x86.ActiveCfg = Release|Any CPU
		{81D73D7A-6238-4CB0-A814-3CC33FFBB1D1}.Release|x86.Build.0 = Release|Any CPU
		{7EDAED61-7A48-49E9-8CEE-0A81A68F9065}.Debug|Any CPU.ActiveCfg = Debug|Any CPU
		{7EDAED61-7A48-49E9-8CEE-0A81A68F9065}.Debug|Any CPU.Build.0 = Debug|Any CPU
		{7EDAED61-7A48-49E9-8CEE-0A81A68F9065}.Debug|x64.ActiveCfg = Debug|Any CPU
		{7EDAED61-7A48-49E9-8CEE-0A81A68F9065}.Debug|x64.Build.0 = Debug|Any CPU
		{7EDAED61-7A48-49E9-8CEE-0A81A68F9065}.Debug|x86.ActiveCfg = Debug|Any CPU
		{7EDAED61-7A48-49E9-8CEE-0A81A68F9065}.Debug|x86.Build.0 = Debug|Any CPU
		{7EDAED61-7A48-49E9-8CEE-0A81A68F9065}.Release|Any CPU.ActiveCfg = Release|Any CPU
		{7EDAED61-7A48-49E9-8CEE-0A81A68F9065}.Release|Any CPU.Build.0 = Release|Any CPU
		{7EDAED61-7A48-49E9-8CEE-0A81A68F9065}.Release|x64.ActiveCfg = Release|Any CPU
		{7EDAED61-7A48-49E9-8CEE-0A81A68F9065}.Release|x64.Build.0 = Release|Any CPU
		{7EDAED61-7A48-49E9-8CEE-0A81A68F9065}.Release|x86.ActiveCfg = Release|Any CPU
		{7EDAED61-7A48-49E9-8CEE-0A81A68F9065}.Release|x86.Build.0 = Release|Any CPU
		{AA9A5523-2416-42DE-9FE2-3C8C38FBA24B}.Debug|Any CPU.ActiveCfg = Debug|Any CPU
		{AA9A5523-2416-42DE-9FE2-3C8C38FBA24B}.Debug|Any CPU.Build.0 = Debug|Any CPU
		{AA9A5523-2416-42DE-9FE2-3C8C38FBA24B}.Debug|x64.ActiveCfg = Debug|Any CPU
		{AA9A5523-2416-42DE-9FE2-3C8C38FBA24B}.Debug|x64.Build.0 = Debug|Any CPU
		{AA9A5523-2416-42DE-9FE2-3C8C38FBA24B}.Debug|x86.ActiveCfg = Debug|Any CPU
		{AA9A5523-2416-42DE-9FE2-3C8C38FBA24B}.Debug|x86.Build.0 = Debug|Any CPU
		{AA9A5523-2416-42DE-9FE2-3C8C38FBA24B}.Release|Any CPU.ActiveCfg = Release|Any CPU
		{AA9A5523-2416-42DE-9FE2-3C8C38FBA24B}.Release|Any CPU.Build.0 = Release|Any CPU
		{AA9A5523-2416-42DE-9FE2-3C8C38FBA24B}.Release|x64.ActiveCfg = Release|Any CPU
		{AA9A5523-2416-42DE-9FE2-3C8C38FBA24B}.Release|x64.Build.0 = Release|Any CPU
		{AA9A5523-2416-42DE-9FE2-3C8C38FBA24B}.Release|x86.ActiveCfg = Release|Any CPU
		{AA9A5523-2416-42DE-9FE2-3C8C38FBA24B}.Release|x86.Build.0 = Release|Any CPU
		{DCEDD054-7563-4084-AAB3-A68A44EEAEFF}.Debug|Any CPU.ActiveCfg = Debug|Any CPU
		{DCEDD054-7563-4084-AAB3-A68A44EEAEFF}.Debug|Any CPU.Build.0 = Debug|Any CPU
		{DCEDD054-7563-4084-AAB3-A68A44EEAEFF}.Debug|x64.ActiveCfg = Debug|Any CPU
		{DCEDD054-7563-4084-AAB3-A68A44EEAEFF}.Debug|x64.Build.0 = Debug|Any CPU
		{DCEDD054-7563-4084-AAB3-A68A44EEAEFF}.Debug|x86.ActiveCfg = Debug|Any CPU
		{DCEDD054-7563-4084-AAB3-A68A44EEAEFF}.Debug|x86.Build.0 = Debug|Any CPU
		{DCEDD054-7563-4084-AAB3-A68A44EEAEFF}.Release|Any CPU.ActiveCfg = Release|Any CPU
		{DCEDD054-7563-4084-AAB3-A68A44EEAEFF}.Release|Any CPU.Build.0 = Release|Any CPU
		{DCEDD054-7563-4084-AAB3-A68A44EEAEFF}.Release|x64.ActiveCfg = Release|Any CPU
		{DCEDD054-7563-4084-AAB3-A68A44EEAEFF}.Release|x64.Build.0 = Release|Any CPU
		{DCEDD054-7563-4084-AAB3-A68A44EEAEFF}.Release|x86.ActiveCfg = Release|Any CPU
		{DCEDD054-7563-4084-AAB3-A68A44EEAEFF}.Release|x86.Build.0 = Release|Any CPU
		{958ADDFD-372E-4B7A-82FE-2DDF58E4ACF9}.Debug|Any CPU.ActiveCfg = Debug|Any CPU
		{958ADDFD-372E-4B7A-82FE-2DDF58E4ACF9}.Debug|Any CPU.Build.0 = Debug|Any CPU
		{958ADDFD-372E-4B7A-82FE-2DDF58E4ACF9}.Debug|x64.ActiveCfg = Debug|x64
		{958ADDFD-372E-4B7A-82FE-2DDF58E4ACF9}.Debug|x86.ActiveCfg = Debug|x86
		{958ADDFD-372E-4B7A-82FE-2DDF58E4ACF9}.Release|Any CPU.ActiveCfg = Release|Any CPU
		{958ADDFD-372E-4B7A-82FE-2DDF58E4ACF9}.Release|Any CPU.Build.0 = Release|Any CPU
		{958ADDFD-372E-4B7A-82FE-2DDF58E4ACF9}.Release|x64.ActiveCfg = Release|x64
		{958ADDFD-372E-4B7A-82FE-2DDF58E4ACF9}.Release|x86.ActiveCfg = Release|x86
		{51B1574A-E183-4434-BDEE-9BC079D1BC17}.Debug|Any CPU.ActiveCfg = Debug|Any CPU
		{51B1574A-E183-4434-BDEE-9BC079D1BC17}.Debug|Any CPU.Build.0 = Debug|Any CPU
		{51B1574A-E183-4434-BDEE-9BC079D1BC17}.Debug|x64.ActiveCfg = Debug|Any CPU
		{51B1574A-E183-4434-BDEE-9BC079D1BC17}.Debug|x64.Build.0 = Debug|Any CPU
		{51B1574A-E183-4434-BDEE-9BC079D1BC17}.Debug|x86.ActiveCfg = Debug|Any CPU
		{51B1574A-E183-4434-BDEE-9BC079D1BC17}.Debug|x86.Build.0 = Debug|Any CPU
		{51B1574A-E183-4434-BDEE-9BC079D1BC17}.Release|Any CPU.ActiveCfg = Release|Any CPU
		{51B1574A-E183-4434-BDEE-9BC079D1BC17}.Release|Any CPU.Build.0 = Release|Any CPU
		{51B1574A-E183-4434-BDEE-9BC079D1BC17}.Release|x64.ActiveCfg = Release|Any CPU
		{51B1574A-E183-4434-BDEE-9BC079D1BC17}.Release|x64.Build.0 = Release|Any CPU
		{51B1574A-E183-4434-BDEE-9BC079D1BC17}.Release|x86.ActiveCfg = Release|Any CPU
		{51B1574A-E183-4434-BDEE-9BC079D1BC17}.Release|x86.Build.0 = Release|Any CPU
		{E4EEA59B-A8B0-40E8-83A5-F63617F4488E}.Debug|Any CPU.ActiveCfg = Debug|Any CPU
		{E4EEA59B-A8B0-40E8-83A5-F63617F4488E}.Debug|Any CPU.Build.0 = Debug|Any CPU
		{E4EEA59B-A8B0-40E8-83A5-F63617F4488E}.Debug|x64.ActiveCfg = Debug|Any CPU
		{E4EEA59B-A8B0-40E8-83A5-F63617F4488E}.Debug|x64.Build.0 = Debug|Any CPU
		{E4EEA59B-A8B0-40E8-83A5-F63617F4488E}.Debug|x86.ActiveCfg = Debug|Any CPU
		{E4EEA59B-A8B0-40E8-83A5-F63617F4488E}.Debug|x86.Build.0 = Debug|Any CPU
		{E4EEA59B-A8B0-40E8-83A5-F63617F4488E}.Release|Any CPU.ActiveCfg = Release|Any CPU
		{E4EEA59B-A8B0-40E8-83A5-F63617F4488E}.Release|Any CPU.Build.0 = Release|Any CPU
		{E4EEA59B-A8B0-40E8-83A5-F63617F4488E}.Release|x64.ActiveCfg = Release|Any CPU
		{E4EEA59B-A8B0-40E8-83A5-F63617F4488E}.Release|x64.Build.0 = Release|Any CPU
		{E4EEA59B-A8B0-40E8-83A5-F63617F4488E}.Release|x86.ActiveCfg = Release|Any CPU
		{E4EEA59B-A8B0-40E8-83A5-F63617F4488E}.Release|x86.Build.0 = Release|Any CPU
		{4E794FCD-FDDD-4FA4-9596-176E71025DFE}.Debug|Any CPU.ActiveCfg = Debug|Any CPU
		{4E794FCD-FDDD-4FA4-9596-176E71025DFE}.Debug|Any CPU.Build.0 = Debug|Any CPU
		{4E794FCD-FDDD-4FA4-9596-176E71025DFE}.Debug|x64.ActiveCfg = Debug|Any CPU
		{4E794FCD-FDDD-4FA4-9596-176E71025DFE}.Debug|x64.Build.0 = Debug|Any CPU
		{4E794FCD-FDDD-4FA4-9596-176E71025DFE}.Debug|x86.ActiveCfg = Debug|Any CPU
		{4E794FCD-FDDD-4FA4-9596-176E71025DFE}.Debug|x86.Build.0 = Debug|Any CPU
		{4E794FCD-FDDD-4FA4-9596-176E71025DFE}.Release|Any CPU.ActiveCfg = Release|Any CPU
		{4E794FCD-FDDD-4FA4-9596-176E71025DFE}.Release|Any CPU.Build.0 = Release|Any CPU
		{4E794FCD-FDDD-4FA4-9596-176E71025DFE}.Release|x64.ActiveCfg = Release|Any CPU
		{4E794FCD-FDDD-4FA4-9596-176E71025DFE}.Release|x64.Build.0 = Release|Any CPU
		{4E794FCD-FDDD-4FA4-9596-176E71025DFE}.Release|x86.ActiveCfg = Release|Any CPU
		{4E794FCD-FDDD-4FA4-9596-176E71025DFE}.Release|x86.Build.0 = Release|Any CPU
		{381E8A17-5063-4D60-959F-BDCF151023B8}.Debug|Any CPU.ActiveCfg = Debug|Any CPU
		{381E8A17-5063-4D60-959F-BDCF151023B8}.Debug|Any CPU.Build.0 = Debug|Any CPU
		{381E8A17-5063-4D60-959F-BDCF151023B8}.Debug|x64.ActiveCfg = Debug|Any CPU
		{381E8A17-5063-4D60-959F-BDCF151023B8}.Debug|x64.Build.0 = Debug|Any CPU
		{381E8A17-5063-4D60-959F-BDCF151023B8}.Debug|x86.ActiveCfg = Debug|Any CPU
		{381E8A17-5063-4D60-959F-BDCF151023B8}.Debug|x86.Build.0 = Debug|Any CPU
		{381E8A17-5063-4D60-959F-BDCF151023B8}.Release|Any CPU.ActiveCfg = Release|Any CPU
		{381E8A17-5063-4D60-959F-BDCF151023B8}.Release|Any CPU.Build.0 = Release|Any CPU
		{381E8A17-5063-4D60-959F-BDCF151023B8}.Release|x64.ActiveCfg = Release|Any CPU
		{381E8A17-5063-4D60-959F-BDCF151023B8}.Release|x64.Build.0 = Release|Any CPU
		{381E8A17-5063-4D60-959F-BDCF151023B8}.Release|x86.ActiveCfg = Release|Any CPU
		{381E8A17-5063-4D60-959F-BDCF151023B8}.Release|x86.Build.0 = Release|Any CPU
		{4C9334F5-DA02-4D69-81EA-69F966662F3F}.Debug|Any CPU.ActiveCfg = Debug|Any CPU
		{4C9334F5-DA02-4D69-81EA-69F966662F3F}.Debug|Any CPU.Build.0 = Debug|Any CPU
		{4C9334F5-DA02-4D69-81EA-69F966662F3F}.Debug|x64.ActiveCfg = Debug|Any CPU
		{4C9334F5-DA02-4D69-81EA-69F966662F3F}.Debug|x64.Build.0 = Debug|Any CPU
		{4C9334F5-DA02-4D69-81EA-69F966662F3F}.Debug|x86.ActiveCfg = Debug|Any CPU
		{4C9334F5-DA02-4D69-81EA-69F966662F3F}.Debug|x86.Build.0 = Debug|Any CPU
		{4C9334F5-DA02-4D69-81EA-69F966662F3F}.Release|Any CPU.ActiveCfg = Release|Any CPU
		{4C9334F5-DA02-4D69-81EA-69F966662F3F}.Release|Any CPU.Build.0 = Release|Any CPU
		{4C9334F5-DA02-4D69-81EA-69F966662F3F}.Release|x64.ActiveCfg = Release|Any CPU
		{4C9334F5-DA02-4D69-81EA-69F966662F3F}.Release|x64.Build.0 = Release|Any CPU
		{4C9334F5-DA02-4D69-81EA-69F966662F3F}.Release|x86.ActiveCfg = Release|Any CPU
		{4C9334F5-DA02-4D69-81EA-69F966662F3F}.Release|x86.Build.0 = Release|Any CPU
		{E3907277-BF9A-4C7F-A52E-F9D1B0480F73}.Debug|Any CPU.ActiveCfg = Debug|Any CPU
		{E3907277-BF9A-4C7F-A52E-F9D1B0480F73}.Debug|Any CPU.Build.0 = Debug|Any CPU
		{E3907277-BF9A-4C7F-A52E-F9D1B0480F73}.Debug|x64.ActiveCfg = Debug|Any CPU
		{E3907277-BF9A-4C7F-A52E-F9D1B0480F73}.Debug|x64.Build.0 = Debug|Any CPU
		{E3907277-BF9A-4C7F-A52E-F9D1B0480F73}.Debug|x86.ActiveCfg = Debug|Any CPU
		{E3907277-BF9A-4C7F-A52E-F9D1B0480F73}.Debug|x86.Build.0 = Debug|Any CPU
		{E3907277-BF9A-4C7F-A52E-F9D1B0480F73}.Release|Any CPU.ActiveCfg = Release|Any CPU
		{E3907277-BF9A-4C7F-A52E-F9D1B0480F73}.Release|Any CPU.Build.0 = Release|Any CPU
		{E3907277-BF9A-4C7F-A52E-F9D1B0480F73}.Release|x64.ActiveCfg = Release|Any CPU
		{E3907277-BF9A-4C7F-A52E-F9D1B0480F73}.Release|x64.Build.0 = Release|Any CPU
		{E3907277-BF9A-4C7F-A52E-F9D1B0480F73}.Release|x86.ActiveCfg = Release|Any CPU
		{E3907277-BF9A-4C7F-A52E-F9D1B0480F73}.Release|x86.Build.0 = Release|Any CPU
		{A996FA91-A312-4A92-89B0-B741AC300804}.Debug|Any CPU.ActiveCfg = Debug|Any CPU
		{A996FA91-A312-4A92-89B0-B741AC300804}.Debug|Any CPU.Build.0 = Debug|Any CPU
		{A996FA91-A312-4A92-89B0-B741AC300804}.Debug|x64.ActiveCfg = Debug|Any CPU
		{A996FA91-A312-4A92-89B0-B741AC300804}.Debug|x64.Build.0 = Debug|Any CPU
		{A996FA91-A312-4A92-89B0-B741AC300804}.Debug|x86.ActiveCfg = Debug|Any CPU
		{A996FA91-A312-4A92-89B0-B741AC300804}.Debug|x86.Build.0 = Debug|Any CPU
		{A996FA91-A312-4A92-89B0-B741AC300804}.Release|Any CPU.ActiveCfg = Release|Any CPU
		{A996FA91-A312-4A92-89B0-B741AC300804}.Release|Any CPU.Build.0 = Release|Any CPU
		{A996FA91-A312-4A92-89B0-B741AC300804}.Release|x64.ActiveCfg = Release|Any CPU
		{A996FA91-A312-4A92-89B0-B741AC300804}.Release|x64.Build.0 = Release|Any CPU
		{A996FA91-A312-4A92-89B0-B741AC300804}.Release|x86.ActiveCfg = Release|Any CPU
		{A996FA91-A312-4A92-89B0-B741AC300804}.Release|x86.Build.0 = Release|Any CPU
		{51040CD7-E6DF-4BB5-B803-981A50D89EC2}.Debug|Any CPU.ActiveCfg = Debug|Any CPU
		{51040CD7-E6DF-4BB5-B803-981A50D89EC2}.Debug|Any CPU.Build.0 = Debug|Any CPU
		{51040CD7-E6DF-4BB5-B803-981A50D89EC2}.Debug|x64.ActiveCfg = Debug|Any CPU
		{51040CD7-E6DF-4BB5-B803-981A50D89EC2}.Debug|x64.Build.0 = Debug|Any CPU
		{51040CD7-E6DF-4BB5-B803-981A50D89EC2}.Debug|x86.ActiveCfg = Debug|Any CPU
		{51040CD7-E6DF-4BB5-B803-981A50D89EC2}.Debug|x86.Build.0 = Debug|Any CPU
		{51040CD7-E6DF-4BB5-B803-981A50D89EC2}.Release|Any CPU.ActiveCfg = Release|Any CPU
		{51040CD7-E6DF-4BB5-B803-981A50D89EC2}.Release|Any CPU.Build.0 = Release|Any CPU
		{51040CD7-E6DF-4BB5-B803-981A50D89EC2}.Release|x64.ActiveCfg = Release|Any CPU
		{51040CD7-E6DF-4BB5-B803-981A50D89EC2}.Release|x64.Build.0 = Release|Any CPU
		{51040CD7-E6DF-4BB5-B803-981A50D89EC2}.Release|x86.ActiveCfg = Release|Any CPU
		{51040CD7-E6DF-4BB5-B803-981A50D89EC2}.Release|x86.Build.0 = Release|Any CPU
		{CA372BE7-5238-4B35-AD29-C9480582822F}.Debug|Any CPU.ActiveCfg = Debug|Any CPU
		{CA372BE7-5238-4B35-AD29-C9480582822F}.Debug|Any CPU.Build.0 = Debug|Any CPU
		{CA372BE7-5238-4B35-AD29-C9480582822F}.Debug|x64.ActiveCfg = Debug|Any CPU
		{CA372BE7-5238-4B35-AD29-C9480582822F}.Debug|x64.Build.0 = Debug|Any CPU
		{CA372BE7-5238-4B35-AD29-C9480582822F}.Debug|x86.ActiveCfg = Debug|Any CPU
		{CA372BE7-5238-4B35-AD29-C9480582822F}.Debug|x86.Build.0 = Debug|Any CPU
		{CA372BE7-5238-4B35-AD29-C9480582822F}.Release|Any CPU.ActiveCfg = Release|Any CPU
		{CA372BE7-5238-4B35-AD29-C9480582822F}.Release|Any CPU.Build.0 = Release|Any CPU
		{CA372BE7-5238-4B35-AD29-C9480582822F}.Release|x64.ActiveCfg = Release|Any CPU
		{CA372BE7-5238-4B35-AD29-C9480582822F}.Release|x64.Build.0 = Release|Any CPU
		{CA372BE7-5238-4B35-AD29-C9480582822F}.Release|x86.ActiveCfg = Release|Any CPU
		{CA372BE7-5238-4B35-AD29-C9480582822F}.Release|x86.Build.0 = Release|Any CPU
		{37642859-C5CC-4B33-9EF5-A8003D20EB11}.Debug|Any CPU.ActiveCfg = Debug|Any CPU
		{37642859-C5CC-4B33-9EF5-A8003D20EB11}.Debug|Any CPU.Build.0 = Debug|Any CPU
		{37642859-C5CC-4B33-9EF5-A8003D20EB11}.Debug|x64.ActiveCfg = Debug|Any CPU
		{37642859-C5CC-4B33-9EF5-A8003D20EB11}.Debug|x64.Build.0 = Debug|Any CPU
		{37642859-C5CC-4B33-9EF5-A8003D20EB11}.Debug|x86.ActiveCfg = Debug|Any CPU
		{37642859-C5CC-4B33-9EF5-A8003D20EB11}.Debug|x86.Build.0 = Debug|Any CPU
		{37642859-C5CC-4B33-9EF5-A8003D20EB11}.Release|Any CPU.ActiveCfg = Release|Any CPU
		{37642859-C5CC-4B33-9EF5-A8003D20EB11}.Release|Any CPU.Build.0 = Release|Any CPU
		{37642859-C5CC-4B33-9EF5-A8003D20EB11}.Release|x64.ActiveCfg = Release|Any CPU
		{37642859-C5CC-4B33-9EF5-A8003D20EB11}.Release|x64.Build.0 = Release|Any CPU
		{37642859-C5CC-4B33-9EF5-A8003D20EB11}.Release|x86.ActiveCfg = Release|Any CPU
		{37642859-C5CC-4B33-9EF5-A8003D20EB11}.Release|x86.Build.0 = Release|Any CPU
		{39E6F882-AC53-46B8-BD07-5AF095735751}.Debug|Any CPU.ActiveCfg = Debug|Any CPU
		{39E6F882-AC53-46B8-BD07-5AF095735751}.Debug|Any CPU.Build.0 = Debug|Any CPU
		{39E6F882-AC53-46B8-BD07-5AF095735751}.Debug|x64.ActiveCfg = Debug|Any CPU
		{39E6F882-AC53-46B8-BD07-5AF095735751}.Debug|x64.Build.0 = Debug|Any CPU
		{39E6F882-AC53-46B8-BD07-5AF095735751}.Debug|x86.ActiveCfg = Debug|Any CPU
		{39E6F882-AC53-46B8-BD07-5AF095735751}.Debug|x86.Build.0 = Debug|Any CPU
		{39E6F882-AC53-46B8-BD07-5AF095735751}.Release|Any CPU.ActiveCfg = Release|Any CPU
		{39E6F882-AC53-46B8-BD07-5AF095735751}.Release|Any CPU.Build.0 = Release|Any CPU
		{39E6F882-AC53-46B8-BD07-5AF095735751}.Release|x64.ActiveCfg = Release|Any CPU
		{39E6F882-AC53-46B8-BD07-5AF095735751}.Release|x64.Build.0 = Release|Any CPU
		{39E6F882-AC53-46B8-BD07-5AF095735751}.Release|x86.ActiveCfg = Release|Any CPU
		{39E6F882-AC53-46B8-BD07-5AF095735751}.Release|x86.Build.0 = Release|Any CPU
	EndGlobalSection
	GlobalSection(SolutionProperties) = preSolution
		HideSolutionNode = FALSE
	EndGlobalSection
	GlobalSection(NestedProjects) = preSolution
		{EEC8205E-6E9D-4B4E-8C00-5B4F9E9F4FCF} = {7883DA25-C6EF-4074-BAF7-E2564B5A3662}
		{81D73D7A-6238-4CB0-A814-3CC33FFBB1D1} = {EEC8205E-6E9D-4B4E-8C00-5B4F9E9F4FCF}
		{7EDAED61-7A48-49E9-8CEE-0A81A68F9065} = {EEC8205E-6E9D-4B4E-8C00-5B4F9E9F4FCF}
		{89DF6802-94FA-4066-8091-743ADD48FD4A} = {7883DA25-C6EF-4074-BAF7-E2564B5A3662}
		{F95E7205-2D24-4FE9-9C38-D3D8640CA543} = {7883DA25-C6EF-4074-BAF7-E2564B5A3662}
		{AA9A5523-2416-42DE-9FE2-3C8C38FBA24B} = {F95E7205-2D24-4FE9-9C38-D3D8640CA543}
		{DCEDD054-7563-4084-AAB3-A68A44EEAEFF} = {F95E7205-2D24-4FE9-9C38-D3D8640CA543}
		{37D9E1E4-46B9-4755-E73E-E55550E1B2A7} = {7883DA25-C6EF-4074-BAF7-E2564B5A3662}
		{51B1574A-E183-4434-BDEE-9BC079D1BC17} = {37D9E1E4-46B9-4755-E73E-E55550E1B2A7}
		{E4EEA59B-A8B0-40E8-83A5-F63617F4488E} = {89DF6802-94FA-4066-8091-743ADD48FD4A}
		{0A027ED1-C33C-4E0E-A4EB-A2617727265D} = {7883DA25-C6EF-4074-BAF7-E2564B5A3662}
		{9BFBBFD9-BBC9-4B99-A9C1-DB7385258927} = {7883DA25-C6EF-4074-BAF7-E2564B5A3662}
		{4E794FCD-FDDD-4FA4-9596-176E71025DFE} = {89DF6802-94FA-4066-8091-743ADD48FD4A}
		{381E8A17-5063-4D60-959F-BDCF151023B8} = {881589EE-639B-0A35-DBCE-5D94E4FC90C0}
		{4C9334F5-DA02-4D69-81EA-69F966662F3F} = {89DF6802-94FA-4066-8091-743ADD48FD4A}
		{E3907277-BF9A-4C7F-A52E-F9D1B0480F73} = {5854FF58-B8C5-05C6-5BF2-ACE42193F22B}
		{A9EBF7DA-B450-0C60-0FC8-8B75CAFD3B4C} = {7883DA25-C6EF-4074-BAF7-E2564B5A3662}
		{A996FA91-A312-4A92-89B0-B741AC300804} = {A9EBF7DA-B450-0C60-0FC8-8B75CAFD3B4C}
		{51040CD7-E6DF-4BB5-B803-981A50D89EC2} = {0AB3BF05-4346-4AA6-1389-037BE0695223}
		{CA372BE7-5238-4B35-AD29-C9480582822F} = {EEC8205E-6E9D-4B4E-8C00-5B4F9E9F4FCF}
		{37642859-C5CC-4B33-9EF5-A8003D20EB11} = {89DF6802-94FA-4066-8091-743ADD48FD4A}
		{39E6F882-AC53-46B8-BD07-5AF095735751} = {0AB3BF05-4346-4AA6-1389-037BE0695223}
	EndGlobalSection
	GlobalSection(ExtensibilityGlobals) = postSolution
		SolutionGuid = {0A9C21A1-7905-4172-999E-89C8E22C6C88}
	EndGlobalSection
EndGlobal
